
Microsoft Visual Studio Solution File, Format Version 12.00
# Visual Studio Version 16
VisualStudioVersion = 25.0.1703.7
MinimumVisualStudioVersion = 10.0.40219.1
Project("{FAE04EC0-301F-11D3-BF4B-00C04F79EFBC}") = "MemoriseCards", "MemoriseCards\MemoriseCards.csproj", "{920DC784-86C8-4068-B2B4-328E31257DCA}"
EndProject
Global
	GlobalSection(SolutionConfigurationPlatforms) = preSolution
		Debug|Any CPU = Debug|Any CPU
		Release|Any CPU = Release|Any CPU
	EndGlobalSection
	GlobalSection(ProjectConfigurationPlatforms) = postSolution
		{920DC784-86C8-4068-B2B4-328E31257DCA}.Debug|Any CPU.ActiveCfg = Debug|Any CPU
		{920DC784-86C8-4068-B2B4-328E31257DCA}.Debug|Any CPU.Build.0 = Debug|Any CPU
		{920DC784-86C8-4068-B2B4-328E31257DCA}.Release|Any CPU.ActiveCfg = Release|Any CPU
		{920DC784-86C8-4068-B2B4-328E31257DCA}.Release|Any CPU.Build.0 = Release|Any CPU
	EndGlobalSection
	GlobalSection(SolutionProperties) = preSolution
		HideSolutionNode = FALSE
	EndGlobalSection
	GlobalSection(ExtensibilityGlobals) = postSolution
		SolutionGuid = {C02EE412-9388-43D0-A297-33E574196DC1}
	EndGlobalSection
EndGlobal
